
Microsoft Visual Studio Solution File, Format Version 12.00
# Visual Studio Version 17
VisualStudioVersion = 17.8.34330.188
MinimumVisualStudioVersion = 10.0.40219.1
Project("{FAE04EC0-301F-11D3-BF4B-00C04F79EFBC}") = "Tarea1_calcular", "Tarea1_calcular\Tarea1_calcular.csproj", "{2E601E9D-2C7B-45DB-BFBE-ED645B34ACEE}"
EndProject
Global
	GlobalSection(SolutionConfigurationPlatforms) = preSolution
		Debug|Any CPU = Debug|Any CPU
		Release|Any CPU = Release|Any CPU
	EndGlobalSection
	GlobalSection(ProjectConfigurationPlatforms) = postSolution
		{2E601E9D-2C7B-45DB-BFBE-ED645B34ACEE}.Debug|Any CPU.ActiveCfg = Debug|Any CPU
		{2E601E9D-2C7B-45DB-BFBE-ED645B34ACEE}.Debug|Any CPU.Build.0 = Debug|Any CPU
		{2E601E9D-2C7B-45DB-BFBE-ED645B34ACEE}.Release|Any CPU.ActiveCfg = Release|Any CPU
		{2E601E9D-2C7B-45DB-BFBE-ED645B34ACEE}.Release|Any CPU.Build.0 = Release|Any CPU
	EndGlobalSection
	GlobalSection(SolutionProperties) = preSolution
		HideSolutionNode = FALSE
	EndGlobalSection
	GlobalSection(ExtensibilityGlobals) = postSolution
		SolutionGuid = {F4977487-E33F-4129-AEAD-1727EDB1F2FB}
	EndGlobalSection
EndGlobal
